
Microsoft Visual Studio Solution File, Format Version 12.00
# Visual Studio Version 17
VisualStudioVersion = 17.11.35312.102
MinimumVisualStudioVersion = 10.0.40219.1
Project("{FAE04EC0-301F-11D3-BF4B-00C04F79EFBC}") = "Assignment2(datagrid)", "Assignment2(datagrid)\Assignment2(datagrid).csproj", "{40AAC592-04BB-4B02-82CE-56D5871FE454}"
EndProject
Global
	GlobalSection(SolutionConfigurationPlatforms) = preSolution
		Debug|Any CPU = Debug|Any CPU
		Release|Any CPU = Release|Any CPU
	EndGlobalSection
	GlobalSection(ProjectConfigurationPlatforms) = postSolution
		{40AAC592-04BB-4B02-82CE-56D5871FE454}.Debug|Any CPU.ActiveCfg = Debug|Any CPU
		{40AAC592-04BB-4B02-82CE-56D5871FE454}.Debug|Any CPU.Build.0 = Debug|Any CPU
		{40AAC592-04BB-4B02-82CE-56D5871FE454}.Release|Any CPU.ActiveCfg = Release|Any CPU
		{40AAC592-04BB-4B02-82CE-56D5871FE454}.Release|Any CPU.Build.0 = Release|Any CPU
	EndGlobalSection
	GlobalSection(SolutionProperties) = preSolution
		HideSolutionNode = FALSE
	EndGlobalSection
	GlobalSection(ExtensibilityGlobals) = postSolution
		SolutionGuid = {8F482B81-6B74-450B-AFB3-D8AF9A90AD3C}
	EndGlobalSection
EndGlobal
