
Microsoft Visual Studio Solution File, Format Version 12.00
# Visual Studio Version 17
VisualStudioVersion = 17.11.35312.102
MinimumVisualStudioVersion = 10.0.40219.1
Project("{FAE04EC0-301F-11D3-BF4B-00C04F79EFBC}") = "Assignment 2", "Assignment 2\Assignment 2.csproj", "{DCF7E947-CDC2-438D-BC7A-216F2047E0F3}"
EndProject
Global
	GlobalSection(SolutionConfigurationPlatforms) = preSolution
		Debug|Any CPU = Debug|Any CPU
		Release|Any CPU = Release|Any CPU
	EndGlobalSection
	GlobalSection(ProjectConfigurationPlatforms) = postSolution
		{DCF7E947-CDC2-438D-BC7A-216F2047E0F3}.Debug|Any CPU.ActiveCfg = Debug|Any CPU
		{DCF7E947-CDC2-438D-BC7A-216F2047E0F3}.Debug|Any CPU.Build.0 = Debug|Any CPU
		{DCF7E947-CDC2-438D-BC7A-216F2047E0F3}.Release|Any CPU.ActiveCfg = Release|Any CPU
		{DCF7E947-CDC2-438D-BC7A-216F2047E0F3}.Release|Any CPU.Build.0 = Release|Any CPU
	EndGlobalSection
	GlobalSection(SolutionProperties) = preSolution
		HideSolutionNode = FALSE
	EndGlobalSection
	GlobalSection(ExtensibilityGlobals) = postSolution
		SolutionGuid = {B111E884-EDBF-40D4-B7F8-6FBDE903076C}
	EndGlobalSection
EndGlobal
